
Microsoft Visual Studio Solution File, Format Version 12.00
# Visual Studio Version 17
VisualStudioVersion = 17.12.35506.116
MinimumVisualStudioVersion = 10.0.40219.1
Project("{9A19103F-16F7-4668-BE54-9A1E7A4F7556}") = "Loja", "MeuWebService\Loja.csproj", "{34449764-D36D-451F-B60A-9E4B2078C296}"
EndProject
Global
	GlobalSection(SolutionConfigurationPlatforms) = preSolution
		Debug|Any CPU = Debug|Any CPU
		Release|Any CPU = Release|Any CPU
	EndGlobalSection
	GlobalSection(ProjectConfigurationPlatforms) = postSolution
		{34449764-D36D-451F-B60A-9E4B2078C296}.Debug|Any CPU.ActiveCfg = Debug|Any CPU
		{34449764-D36D-451F-B60A-9E4B2078C296}.Debug|Any CPU.Build.0 = Debug|Any CPU
		{34449764-D36D-451F-B60A-9E4B2078C296}.Release|Any CPU.ActiveCfg = Release|Any CPU
		{34449764-D36D-451F-B60A-9E4B2078C296}.Release|Any CPU.Build.0 = Release|Any CPU
	EndGlobalSection
	GlobalSection(SolutionProperties) = preSolution
		HideSolutionNode = FALSE
	EndGlobalSection
	GlobalSection(ExtensibilityGlobals) = postSolution
		SolutionGuid = {146690DC-DDDD-42DE-ACA3-702A7ADD5BC5}
	EndGlobalSection
EndGlobal
